
Microsoft Visual Studio Solution File, Format Version 12.00
# Visual Studio 15
VisualStudioVersion = 15.0.27130.2036
MinimumVisualStudioVersion = 10.0.40219.1
Project("{FAE04EC0-301F-11D3-BF4B-00C04F79EFBC}") = "AR600ROSControlGUI", "AR600ROSControlGUI\AR600ROSControlGUI.csproj", "{AB444DDE-6FEE-4248-AEC3-44ABAA925DC7}"
EndProject
Project("{FAE04EC0-301F-11D3-BF4B-00C04F79EFBC}") = "ViewLibrary", "ViewLibrary\ViewLibrary.csproj", "{A53E0FD6-6A44-44F8-B959-21273F508D6F}"
EndProject
Project("{FAE04EC0-301F-11D3-BF4B-00C04F79EFBC}") = "AR600ROSControlCore", "AR600ROSControlCore\AR600ROSControlCore.csproj", "{FD220408-65E8-4E1D-A0DF-CED350D06A19}"
EndProject
Project("{FAE04EC0-301F-11D3-BF4B-00C04F79EFBC}") = "AR600ControlConsole", "AR600ControlConsole\AR600ControlConsole.csproj", "{C5A85BA7-AA08-496A-A753-3CE4F3A7A3A8}"
EndProject
Project("{FAE04EC0-301F-11D3-BF4B-00C04F79EFBC}") = "FrundController", "FrundController\FrundController.csproj", "{87DDF87F-46B3-4842-ACBA-2473A8D1278A}"
EndProject
Project("{FAE04EC0-301F-11D3-BF4B-00C04F79EFBC}") = "AR600ROSControlWPF", "AR600ROSControlWPF\AR600ROSControlWPF.csproj", "{541059EF-E2B4-41F9-BF07-8793A0DF8D3D}"
EndProject
Global
	GlobalSection(SolutionConfigurationPlatforms) = preSolution
		Debug|Any CPU = Debug|Any CPU
		Release|Any CPU = Release|Any CPU
	EndGlobalSection
	GlobalSection(ProjectConfigurationPlatforms) = postSolution
		{AB444DDE-6FEE-4248-AEC3-44ABAA925DC7}.Debug|Any CPU.ActiveCfg = Debug|Any CPU
		{AB444DDE-6FEE-4248-AEC3-44ABAA925DC7}.Debug|Any CPU.Build.0 = Debug|Any CPU
		{AB444DDE-6FEE-4248-AEC3-44ABAA925DC7}.Release|Any CPU.ActiveCfg = Release|Any CPU
		{AB444DDE-6FEE-4248-AEC3-44ABAA925DC7}.Release|Any CPU.Build.0 = Release|Any CPU
		{A53E0FD6-6A44-44F8-B959-21273F508D6F}.Debug|Any CPU.ActiveCfg = Debug|Any CPU
		{A53E0FD6-6A44-44F8-B959-21273F508D6F}.Debug|Any CPU.Build.0 = Debug|Any CPU
		{A53E0FD6-6A44-44F8-B959-21273F508D6F}.Release|Any CPU.ActiveCfg = Release|Any CPU
		{A53E0FD6-6A44-44F8-B959-21273F508D6F}.Release|Any CPU.Build.0 = Release|Any CPU
		{FD220408-65E8-4E1D-A0DF-CED350D06A19}.Debug|Any CPU.ActiveCfg = Debug|Any CPU
		{FD220408-65E8-4E1D-A0DF-CED350D06A19}.Debug|Any CPU.Build.0 = Debug|Any CPU
		{FD220408-65E8-4E1D-A0DF-CED350D06A19}.Release|Any CPU.ActiveCfg = Release|Any CPU
		{FD220408-65E8-4E1D-A0DF-CED350D06A19}.Release|Any CPU.Build.0 = Release|Any CPU
		{C5A85BA7-AA08-496A-A753-3CE4F3A7A3A8}.Debug|Any CPU.ActiveCfg = Debug|Any CPU
		{C5A85BA7-AA08-496A-A753-3CE4F3A7A3A8}.Debug|Any CPU.Build.0 = Debug|Any CPU
		{C5A85BA7-AA08-496A-A753-3CE4F3A7A3A8}.Release|Any CPU.ActiveCfg = Release|Any CPU
		{C5A85BA7-AA08-496A-A753-3CE4F3A7A3A8}.Release|Any CPU.Build.0 = Release|Any CPU
		{87DDF87F-46B3-4842-ACBA-2473A8D1278A}.Debug|Any CPU.ActiveCfg = Debug|Any CPU
		{87DDF87F-46B3-4842-ACBA-2473A8D1278A}.Debug|Any CPU.Build.0 = Debug|Any CPU
		{87DDF87F-46B3-4842-ACBA-2473A8D1278A}.Release|Any CPU.ActiveCfg = Release|Any CPU
		{87DDF87F-46B3-4842-ACBA-2473A8D1278A}.Release|Any CPU.Build.0 = Release|Any CPU
		{541059EF-E2B4-41F9-BF07-8793A0DF8D3D}.Debug|Any CPU.ActiveCfg = Debug|Any CPU
		{541059EF-E2B4-41F9-BF07-8793A0DF8D3D}.Debug|Any CPU.Build.0 = Debug|Any CPU
		{541059EF-E2B4-41F9-BF07-8793A0DF8D3D}.Release|Any CPU.ActiveCfg = Release|Any CPU
		{541059EF-E2B4-41F9-BF07-8793A0DF8D3D}.Release|Any CPU.Build.0 = Release|Any CPU
	EndGlobalSection
	GlobalSection(SolutionProperties) = preSolution
		HideSolutionNode = FALSE
	EndGlobalSection
	GlobalSection(ExtensibilityGlobals) = postSolution
		SolutionGuid = {11FF5BE3-1260-44E7-8473-64F543CA9B8F}
	EndGlobalSection
EndGlobal
